
Microsoft Visual Studio Solution File, Format Version 12.00
# Visual Studio Version 17
VisualStudioVersion = 17.8.34330.188
MinimumVisualStudioVersion = 10.0.40219.1
Project("{FAE04EC0-301F-11D3-BF4B-00C04F79EFBC}") = "CurencyHire", "CurencyHire\CurencyHire.csproj", "{B7B8092B-2BC3-4D2B-8A0C-0BE33C3E6D2D}"
EndProject
Global
	GlobalSection(SolutionConfigurationPlatforms) = preSolution
		Debug|Any CPU = Debug|Any CPU
		Release|Any CPU = Release|Any CPU
	EndGlobalSection
	GlobalSection(ProjectConfigurationPlatforms) = postSolution
		{B7B8092B-2BC3-4D2B-8A0C-0BE33C3E6D2D}.Debug|Any CPU.ActiveCfg = Debug|Any CPU
		{B7B8092B-2BC3-4D2B-8A0C-0BE33C3E6D2D}.Debug|Any CPU.Build.0 = Debug|Any CPU
		{B7B8092B-2BC3-4D2B-8A0C-0BE33C3E6D2D}.Release|Any CPU.ActiveCfg = Release|Any CPU
		{B7B8092B-2BC3-4D2B-8A0C-0BE33C3E6D2D}.Release|Any CPU.Build.0 = Release|Any CPU
	EndGlobalSection
	GlobalSection(SolutionProperties) = preSolution
		HideSolutionNode = FALSE
	EndGlobalSection
	GlobalSection(ExtensibilityGlobals) = postSolution
		SolutionGuid = {F8C59CD3-5FAD-4B7E-8E2E-BD566FAFE75B}
	EndGlobalSection
EndGlobal
